
Microsoft Visual Studio Solution File, Format Version 12.00
# Visual Studio Version 17
VisualStudioVersion = 17.13.35931.197 d17.13
MinimumVisualStudioVersion = 10.0.40219.1
Project("{FAE04EC0-301F-11D3-BF4B-00C04F79EFBC}") = "MySuperStore", "MySuperStore.csproj", "{C0C7126C-E2E5-446A-BE9F-09C0854156BA}"
EndProject
Project("{FAE04EC0-301F-11D3-BF4B-00C04F79EFBC}") = "MySuperStore.Entities", "..\MySuperStore.Entities\MySuperStore.Entities.csproj", "{89734DE8-FA24-4E36-9774-AD1553D9B36C}"
EndProject
Project("{FAE04EC0-301F-11D3-BF4B-00C04F79EFBC}") = "MySuperStore.Utils", "..\MySuperStore.Utils\MySuperStore.Utils.csproj", "{59BF4A5F-ECED-45A3-B1DA-7F80D615FA98}"
EndProject
Global
	GlobalSection(SolutionConfigurationPlatforms) = preSolution
		Debug|Any CPU = Debug|Any CPU
		Release|Any CPU = Release|Any CPU
	EndGlobalSection
	GlobalSection(ProjectConfigurationPlatforms) = postSolution
		{C0C7126C-E2E5-446A-BE9F-09C0854156BA}.Debug|Any CPU.ActiveCfg = Debug|Any CPU
		{C0C7126C-E2E5-446A-BE9F-09C0854156BA}.Debug|Any CPU.Build.0 = Debug|Any CPU
		{C0C7126C-E2E5-446A-BE9F-09C0854156BA}.Release|Any CPU.ActiveCfg = Release|Any CPU
		{C0C7126C-E2E5-446A-BE9F-09C0854156BA}.Release|Any CPU.Build.0 = Release|Any CPU
		{89734DE8-FA24-4E36-9774-AD1553D9B36C}.Debug|Any CPU.ActiveCfg = Debug|Any CPU
		{89734DE8-FA24-4E36-9774-AD1553D9B36C}.Debug|Any CPU.Build.0 = Debug|Any CPU
		{89734DE8-FA24-4E36-9774-AD1553D9B36C}.Release|Any CPU.ActiveCfg = Release|Any CPU
		{89734DE8-FA24-4E36-9774-AD1553D9B36C}.Release|Any CPU.Build.0 = Release|Any CPU
		{59BF4A5F-ECED-45A3-B1DA-7F80D615FA98}.Debug|Any CPU.ActiveCfg = Debug|Any CPU
		{59BF4A5F-ECED-45A3-B1DA-7F80D615FA98}.Debug|Any CPU.Build.0 = Debug|Any CPU
		{59BF4A5F-ECED-45A3-B1DA-7F80D615FA98}.Release|Any CPU.ActiveCfg = Release|Any CPU
		{59BF4A5F-ECED-45A3-B1DA-7F80D615FA98}.Release|Any CPU.Build.0 = Release|Any CPU
	EndGlobalSection
	GlobalSection(SolutionProperties) = preSolution
		HideSolutionNode = FALSE
	EndGlobalSection
	GlobalSection(ExtensibilityGlobals) = postSolution
		SolutionGuid = {A260DF17-627C-4410-A638-8A3A4CA0D81C}
	EndGlobalSection
EndGlobal
